
Microsoft Visual Studio Solution File, Format Version 12.00
# Visual Studio Version 17
VisualStudioVersion = 17.4.33213.308
MinimumVisualStudioVersion = 10.0.40219.1
Project("{8BC9CEB8-8B4A-11D0-8D11-00A0C91BC942}") = "BOJ_5576", "BOJ_5576.vcxproj", "{56B5B803-EA63-405F-8C85-9F038F513147}"
EndProject
Global
	GlobalSection(SolutionConfigurationPlatforms) = preSolution
		Debug|x64 = Debug|x64
		Release|x64 = Release|x64
	EndGlobalSection
	GlobalSection(ProjectConfigurationPlatforms) = postSolution
		{56B5B803-EA63-405F-8C85-9F038F513147}.Debug|x64.ActiveCfg = Debug|x64
		{56B5B803-EA63-405F-8C85-9F038F513147}.Debug|x64.Build.0 = Debug|x64
		{56B5B803-EA63-405F-8C85-9F038F513147}.Release|x64.ActiveCfg = Release|x64
		{56B5B803-EA63-405F-8C85-9F038F513147}.Release|x64.Build.0 = Release|x64
	EndGlobalSection
	GlobalSection(SolutionProperties) = preSolution
		HideSolutionNode = FALSE
	EndGlobalSection
	GlobalSection(ExtensibilityGlobals) = postSolution
		SolutionGuid = {95ED9674-1A83-43CE-AF84-011876FD9764}
	EndGlobalSection
EndGlobal
